version = 1
revision = 2
requires-python = ">=3.12"

[[package]]
name = "network-kill-switch"
version = "0.1.0"
source = { virtual = "." }
dependencies = [
    { name = "pyclean" },
]

[package.metadata]
requires-dist = [{ name = "pyclean" }]

[[package]]
name = "pyclean"
version = "3.1.0"
source = { registry = "https://pypi.org/simple" }
sdist = { url = "https://files.pythonhosted.org/packages/04/6c/a7c0cfd4013405408aa894ee2dace6fdbad58f379344aba2396dfea85d46/pyclean-3.1.0.tar.gz", hash = "sha256:d23fa900558696e08c79401c79f242fe6f7f38fd58ccd035f875a01c5bc7a6fc", size = 46150, upload-time = "2025-01-11T21:01:09.674Z" }
wheels = [
    { url = "https://files.pythonhosted.org/packages/cf/6d/a0d36ecfe8849d029f0dfbac5733e8b74732ff3f86fa75a501107903c54b/pyclean-3.1.0-py3-none-any.whl", hash = "sha256:46652f7416816924cab565cd045d0c341237aced0368a3727d66b5192c16728c", size = 21588, upload-time = "2025-01-11T21:01:05.657Z" },
]
